{
  "object": {
    "pins": [
      {
        "package": "ikemen",
        "repositoryURL": "https://github.com/banjun/ikemen",
        "state": {
          "branch": null,
          "revision": "e05233856b49d4280301adaab00f8bf713c7bcf6",
          "version": "0.7.0"
        }
      },
      {
        "package": "SnapKit",
        "repositoryURL": "https://github.com/SnapKit/SnapKit",
        "state": {
          "branch": null,
          "revision": "d458564516e5676af9c70b4f4b2a9178294f1bc6",
          "version": "5.0.1"
        }
      },
      {
        "package": "ZIPFoundation",
        "repositoryURL": "https://github.com/weichsel/ZIPFoundation",
        "state": {
          "branch": null,
          "revision": "cf10bbff6ac3b873e97b36b9784c79866a051a8e",
          "version": "0.9.12"
        }
      }
    ]
  },
  "version": 1
}
